
Microsoft Visual Studio Solution File, Format Version 12.00
# Visual Studio Version 17
VisualStudioVersion = 17.10.35013.160
MinimumVisualStudioVersion = 10.0.40219.1
Project("{9A19103F-16F7-4668-BE54-9A1E7A4F7556}") = "SpaceNews.API", "SpaceNews.API\SpaceNews.API.csproj", "{FA70CB99-7469-43FC-8953-9B127798FEC2}"
EndProject
Project("{9A19103F-16F7-4668-BE54-9A1E7A4F7556}") = "SpaceNews.Shared", "SpaceNews.Shared\SpaceNews.Shared.csproj", "{627D7FED-51DF-417D-A5F7-83625703A4C4}"
EndProject
Project("{9A19103F-16F7-4668-BE54-9A1E7A4F7556}") = "SpaceNews.Scraper.Tests", "SpaceNews.Scraper.Tests\SpaceNews.Scraper.Tests.csproj", "{F909D29B-7B3A-40C2-84F3-C90A63D10610}"
EndProject
Project("{2150E333-8FDC-42A3-9474-1A3956D46DE8}") = "Scraper", "Scraper", "{9C10D365-6940-469D-A5EF-FE51228E0788}"
EndProject
Project("{2150E333-8FDC-42A3-9474-1A3956D46DE8}") = "docs", "docs", "{B8604539-D835-4428-AC1E-89851B9A4927}"
	ProjectSection(SolutionItems) = preProject
		index.json = index.json
	EndProjectSection
EndProject
Project("{9A19103F-16F7-4668-BE54-9A1E7A4F7556}") = "SpaceNews.Updater", "SpaceNews.Updater\src\SpaceNews.Updater\SpaceNews.Updater.csproj", "{AA080030-10AA-44BF-8EAE-B88D678A519A}"
EndProject
Project("{9A19103F-16F7-4668-BE54-9A1E7A4F7556}") = "SpaceNews.Console", "SpaceNews.Console\SpaceNews.Console.csproj", "{E3612C92-A47C-4294-A1F9-A40E7FD460E8}"
EndProject
Project("{FAE04EC0-301F-11D3-BF4B-00C04F79EFBC}") = "SpaceNews.Scraper", "SpaceNews.Scraper\SpaceNews.Scraper.csproj", "{7C735D82-A48D-4D02-AC47-5E44F35C838C}"
EndProject
Global
	GlobalSection(SolutionConfigurationPlatforms) = preSolution
		Debug|Any CPU = Debug|Any CPU
		Release|Any CPU = Release|Any CPU
	EndGlobalSection
	GlobalSection(ProjectConfigurationPlatforms) = postSolution
		{FA70CB99-7469-43FC-8953-9B127798FEC2}.Debug|Any CPU.ActiveCfg = Debug|Any CPU
		{FA70CB99-7469-43FC-8953-9B127798FEC2}.Debug|Any CPU.Build.0 = Debug|Any CPU
		{FA70CB99-7469-43FC-8953-9B127798FEC2}.Release|Any CPU.ActiveCfg = Release|Any CPU
		{FA70CB99-7469-43FC-8953-9B127798FEC2}.Release|Any CPU.Build.0 = Release|Any CPU
		{627D7FED-51DF-417D-A5F7-83625703A4C4}.Debug|Any CPU.ActiveCfg = Debug|Any CPU
		{627D7FED-51DF-417D-A5F7-83625703A4C4}.Debug|Any CPU.Build.0 = Debug|Any CPU
		{627D7FED-51DF-417D-A5F7-83625703A4C4}.Release|Any CPU.ActiveCfg = Release|Any CPU
		{627D7FED-51DF-417D-A5F7-83625703A4C4}.Release|Any CPU.Build.0 = Release|Any CPU
		{F909D29B-7B3A-40C2-84F3-C90A63D10610}.Debug|Any CPU.ActiveCfg = Debug|Any CPU
		{F909D29B-7B3A-40C2-84F3-C90A63D10610}.Debug|Any CPU.Build.0 = Debug|Any CPU
		{F909D29B-7B3A-40C2-84F3-C90A63D10610}.Release|Any CPU.ActiveCfg = Release|Any CPU
		{F909D29B-7B3A-40C2-84F3-C90A63D10610}.Release|Any CPU.Build.0 = Release|Any CPU
		{AA080030-10AA-44BF-8EAE-B88D678A519A}.Debug|Any CPU.ActiveCfg = Debug|Any CPU
		{AA080030-10AA-44BF-8EAE-B88D678A519A}.Debug|Any CPU.Build.0 = Debug|Any CPU
		{AA080030-10AA-44BF-8EAE-B88D678A519A}.Release|Any CPU.ActiveCfg = Release|Any CPU
		{AA080030-10AA-44BF-8EAE-B88D678A519A}.Release|Any CPU.Build.0 = Release|Any CPU
		{E3612C92-A47C-4294-A1F9-A40E7FD460E8}.Debug|Any CPU.ActiveCfg = Debug|Any CPU
		{E3612C92-A47C-4294-A1F9-A40E7FD460E8}.Debug|Any CPU.Build.0 = Debug|Any CPU
		{E3612C92-A47C-4294-A1F9-A40E7FD460E8}.Release|Any CPU.ActiveCfg = Release|Any CPU
		{E3612C92-A47C-4294-A1F9-A40E7FD460E8}.Release|Any CPU.Build.0 = Release|Any CPU
		{7C735D82-A48D-4D02-AC47-5E44F35C838C}.Debug|Any CPU.ActiveCfg = Debug|Any CPU
		{7C735D82-A48D-4D02-AC47-5E44F35C838C}.Debug|Any CPU.Build.0 = Debug|Any CPU
		{7C735D82-A48D-4D02-AC47-5E44F35C838C}.Release|Any CPU.ActiveCfg = Release|Any CPU
		{7C735D82-A48D-4D02-AC47-5E44F35C838C}.Release|Any CPU.Build.0 = Release|Any CPU
	EndGlobalSection
	GlobalSection(SolutionProperties) = preSolution
		HideSolutionNode = FALSE
	EndGlobalSection
	GlobalSection(NestedProjects) = preSolution
		{F909D29B-7B3A-40C2-84F3-C90A63D10610} = {9C10D365-6940-469D-A5EF-FE51228E0788}
		{AA080030-10AA-44BF-8EAE-B88D678A519A} = {9C10D365-6940-469D-A5EF-FE51228E0788}
		{E3612C92-A47C-4294-A1F9-A40E7FD460E8} = {9C10D365-6940-469D-A5EF-FE51228E0788}
		{7C735D82-A48D-4D02-AC47-5E44F35C838C} = {9C10D365-6940-469D-A5EF-FE51228E0788}
	EndGlobalSection
	GlobalSection(ExtensibilityGlobals) = postSolution
		SolutionGuid = {A5C5CFE0-B962-4E06-BAE1-7564D4C06D5E}
	EndGlobalSection
EndGlobal
